
Microsoft Visual Studio Solution File, Format Version 12.00
# Visual Studio 15
VisualStudioVersion = 15.0.27428.2011
MinimumVisualStudioVersion = 10.0.40219.1
Project("{FAE04EC0-301F-11D3-BF4B-00C04F79EFBC}") = "Project_23", "Project_23\Project_23.csproj", "{80BDCA98-2219-449C-8B0A-5400E4CC70C8}"
EndProject
Global
	GlobalSection(SolutionConfigurationPlatforms) = preSolution
		Debug|Any CPU = Debug|Any CPU
		Release|Any CPU = Release|Any CPU
	EndGlobalSection
	GlobalSection(ProjectConfigurationPlatforms) = postSolution
		{80BDCA98-2219-449C-8B0A-5400E4CC70C8}.Debug|Any CPU.ActiveCfg = Debug|Any CPU
		{80BDCA98-2219-449C-8B0A-5400E4CC70C8}.Debug|Any CPU.Build.0 = Debug|Any CPU
		{80BDCA98-2219-449C-8B0A-5400E4CC70C8}.Release|Any CPU.ActiveCfg = Release|Any CPU
		{80BDCA98-2219-449C-8B0A-5400E4CC70C8}.Release|Any CPU.Build.0 = Release|Any CPU
	EndGlobalSection
	GlobalSection(SolutionProperties) = preSolution
		HideSolutionNode = FALSE
	EndGlobalSection
	GlobalSection(ExtensibilityGlobals) = postSolution
		SolutionGuid = {72ACC597-6321-4098-AAFA-254781C99944}
	EndGlobalSection
EndGlobal
