
Microsoft Visual Studio Solution File, Format Version 12.00
# Visual Studio 15
VisualStudioVersion = 15.0.27428.2027
MinimumVisualStudioVersion = 10.0.40219.1
Project("{00D1A9C2-B5F0-4AF3-8072-F6C62B433612}") = "Project_37", "Project_37\Project_37.sqlproj", "{EAEF49CE-8167-4B2D-8E61-283B489CA48E}"
EndProject
Global
	GlobalSection(SolutionConfigurationPlatforms) = preSolution
		Debug|Any CPU = Debug|Any CPU
		Release|Any CPU = Release|Any CPU
	EndGlobalSection
	GlobalSection(ProjectConfigurationPlatforms) = postSolution
		{EAEF49CE-8167-4B2D-8E61-283B489CA48E}.Debug|Any CPU.ActiveCfg = Debug|Any CPU
		{EAEF49CE-8167-4B2D-8E61-283B489CA48E}.Debug|Any CPU.Build.0 = Debug|Any CPU
		{EAEF49CE-8167-4B2D-8E61-283B489CA48E}.Debug|Any CPU.Deploy.0 = Debug|Any CPU
		{EAEF49CE-8167-4B2D-8E61-283B489CA48E}.Release|Any CPU.ActiveCfg = Release|Any CPU
		{EAEF49CE-8167-4B2D-8E61-283B489CA48E}.Release|Any CPU.Build.0 = Release|Any CPU
		{EAEF49CE-8167-4B2D-8E61-283B489CA48E}.Release|Any CPU.Deploy.0 = Release|Any CPU
	EndGlobalSection
	GlobalSection(SolutionProperties) = preSolution
		HideSolutionNode = FALSE
	EndGlobalSection
	GlobalSection(ExtensibilityGlobals) = postSolution
		SolutionGuid = {A9DBEEFD-B584-4367-B900-6426173348D6}
	EndGlobalSection
EndGlobal
