
Microsoft Visual Studio Solution File, Format Version 12.00
# Visual Studio 15
VisualStudioVersion = 15.0.27428.2011
MinimumVisualStudioVersion = 10.0.40219.1
Project("{FAE04EC0-301F-11D3-BF4B-00C04F79EFBC}") = "Project_30", "Project_30\Project_30.csproj", "{4A855ECE-4FDC-4A3A-AB54-D7895911AE87}"
EndProject
Global
	GlobalSection(SolutionConfigurationPlatforms) = preSolution
		Debug|Any CPU = Debug|Any CPU
		Release|Any CPU = Release|Any CPU
	EndGlobalSection
	GlobalSection(ProjectConfigurationPlatforms) = postSolution
		{4A855ECE-4FDC-4A3A-AB54-D7895911AE87}.Debug|Any CPU.ActiveCfg = Debug|Any CPU
		{4A855ECE-4FDC-4A3A-AB54-D7895911AE87}.Debug|Any CPU.Build.0 = Debug|Any CPU
		{4A855ECE-4FDC-4A3A-AB54-D7895911AE87}.Release|Any CPU.ActiveCfg = Release|Any CPU
		{4A855ECE-4FDC-4A3A-AB54-D7895911AE87}.Release|Any CPU.Build.0 = Release|Any CPU
	EndGlobalSection
	GlobalSection(SolutionProperties) = preSolution
		HideSolutionNode = FALSE
	EndGlobalSection
	GlobalSection(ExtensibilityGlobals) = postSolution
		SolutionGuid = {80038348-ED87-4510-9418-1FA0B03DD72B}
	EndGlobalSection
EndGlobal
