
Microsoft Visual Studio Solution File, Format Version 12.00
# Visual Studio 15
VisualStudioVersion = 15.0.27428.2015
MinimumVisualStudioVersion = 10.0.40219.1
Project("{FAE04EC0-301F-11D3-BF4B-00C04F79EFBC}") = "Project_33", "Project_33\Project_33.csproj", "{3B4891C5-1942-4C21-8503-EF1843D1941F}"
EndProject
Global
	GlobalSection(SolutionConfigurationPlatforms) = preSolution
		Debug|Any CPU = Debug|Any CPU
		Release|Any CPU = Release|Any CPU
	EndGlobalSection
	GlobalSection(ProjectConfigurationPlatforms) = postSolution
		{3B4891C5-1942-4C21-8503-EF1843D1941F}.Debug|Any CPU.ActiveCfg = Debug|Any CPU
		{3B4891C5-1942-4C21-8503-EF1843D1941F}.Debug|Any CPU.Build.0 = Debug|Any CPU
		{3B4891C5-1942-4C21-8503-EF1843D1941F}.Release|Any CPU.ActiveCfg = Release|Any CPU
		{3B4891C5-1942-4C21-8503-EF1843D1941F}.Release|Any CPU.Build.0 = Release|Any CPU
	EndGlobalSection
	GlobalSection(SolutionProperties) = preSolution
		HideSolutionNode = FALSE
	EndGlobalSection
	GlobalSection(ExtensibilityGlobals) = postSolution
		SolutionGuid = {DA04A8BA-63BA-40E7-BB0E-B1D385B03183}
	EndGlobalSection
EndGlobal
