
Microsoft Visual Studio Solution File, Format Version 12.00
# Visual Studio 15
VisualStudioVersion = 15.0.27428.2015
MinimumVisualStudioVersion = 10.0.40219.1
Project("{FAE04EC0-301F-11D3-BF4B-00C04F79EFBC}") = "Paint", "Paint\Paint.csproj", "{DF9AA514-13D3-4195-9236-6E38D9913608}"
EndProject
Global
	GlobalSection(SolutionConfigurationPlatforms) = preSolution
		Debug|Any CPU = Debug|Any CPU
		Release|Any CPU = Release|Any CPU
	EndGlobalSection
	GlobalSection(ProjectConfigurationPlatforms) = postSolution
		{DF9AA514-13D3-4195-9236-6E38D9913608}.Debug|Any CPU.ActiveCfg = Debug|Any CPU
		{DF9AA514-13D3-4195-9236-6E38D9913608}.Debug|Any CPU.Build.0 = Debug|Any CPU
		{DF9AA514-13D3-4195-9236-6E38D9913608}.Release|Any CPU.ActiveCfg = Release|Any CPU
		{DF9AA514-13D3-4195-9236-6E38D9913608}.Release|Any CPU.Build.0 = Release|Any CPU
	EndGlobalSection
	GlobalSection(SolutionProperties) = preSolution
		HideSolutionNode = FALSE
	EndGlobalSection
	GlobalSection(ExtensibilityGlobals) = postSolution
		SolutionGuid = {0E2A3DB4-062C-46A6-BFE6-16C7E532ABE3}
	EndGlobalSection
EndGlobal
