
Microsoft Visual Studio Solution File, Format Version 12.00
# Visual Studio 15
VisualStudioVersion = 15.0.27130.2027
MinimumVisualStudioVersion = 10.0.40219.1
Project("{FAE04EC0-301F-11D3-BF4B-00C04F79EFBC}") = "Project_1", "Project_1\Project_1.csproj", "{FD32A0F9-AE4B-4FE0-9C28-56DCEA1CF70D}"
EndProject
Global
	GlobalSection(SolutionConfigurationPlatforms) = preSolution
		Debug|Any CPU = Debug|Any CPU
		Release|Any CPU = Release|Any CPU
	EndGlobalSection
	GlobalSection(ProjectConfigurationPlatforms) = postSolution
		{FD32A0F9-AE4B-4FE0-9C28-56DCEA1CF70D}.Debug|Any CPU.ActiveCfg = Debug|Any CPU
		{FD32A0F9-AE4B-4FE0-9C28-56DCEA1CF70D}.Debug|Any CPU.Build.0 = Debug|Any CPU
		{FD32A0F9-AE4B-4FE0-9C28-56DCEA1CF70D}.Release|Any CPU.ActiveCfg = Release|Any CPU
		{FD32A0F9-AE4B-4FE0-9C28-56DCEA1CF70D}.Release|Any CPU.Build.0 = Release|Any CPU
	EndGlobalSection
	GlobalSection(SolutionProperties) = preSolution
		HideSolutionNode = FALSE
	EndGlobalSection
	GlobalSection(ExtensibilityGlobals) = postSolution
		SolutionGuid = {35B3FFC4-C227-483D-B4B6-9582AE5B0598}
	EndGlobalSection
EndGlobal
