
Microsoft Visual Studio Solution File, Format Version 12.00
# Visual Studio 15
VisualStudioVersion = 15.0.27428.2015
MinimumVisualStudioVersion = 10.0.40219.1
Project("{FAE04EC0-301F-11D3-BF4B-00C04F79EFBC}") = "Project_34", "Project_34\Project_34.csproj", "{CEDAA339-C9EF-49D6-9D83-1BA921BABADF}"
EndProject
Global
	GlobalSection(SolutionConfigurationPlatforms) = preSolution
		Debug|Any CPU = Debug|Any CPU
		Release|Any CPU = Release|Any CPU
	EndGlobalSection
	GlobalSection(ProjectConfigurationPlatforms) = postSolution
		{CEDAA339-C9EF-49D6-9D83-1BA921BABADF}.Debug|Any CPU.ActiveCfg = Debug|Any CPU
		{CEDAA339-C9EF-49D6-9D83-1BA921BABADF}.Debug|Any CPU.Build.0 = Debug|Any CPU
		{CEDAA339-C9EF-49D6-9D83-1BA921BABADF}.Release|Any CPU.ActiveCfg = Release|Any CPU
		{CEDAA339-C9EF-49D6-9D83-1BA921BABADF}.Release|Any CPU.Build.0 = Release|Any CPU
	EndGlobalSection
	GlobalSection(SolutionProperties) = preSolution
		HideSolutionNode = FALSE
	EndGlobalSection
	GlobalSection(ExtensibilityGlobals) = postSolution
		SolutionGuid = {2BDCFA17-F5C4-434F-A98B-5154471F8B48}
	EndGlobalSection
EndGlobal
