
Microsoft Visual Studio Solution File, Format Version 12.00
# Visual Studio 15
VisualStudioVersion = 15.0.27428.2011
MinimumVisualStudioVersion = 10.0.40219.1
Project("{FAE04EC0-301F-11D3-BF4B-00C04F79EFBC}") = "Project_32", "Project_32\Project_32.csproj", "{0AEDC8FA-63D1-478A-9110-2EF26605882F}"
EndProject
Global
	GlobalSection(SolutionConfigurationPlatforms) = preSolution
		Debug|Any CPU = Debug|Any CPU
		Release|Any CPU = Release|Any CPU
	EndGlobalSection
	GlobalSection(ProjectConfigurationPlatforms) = postSolution
		{0AEDC8FA-63D1-478A-9110-2EF26605882F}.Debug|Any CPU.ActiveCfg = Debug|Any CPU
		{0AEDC8FA-63D1-478A-9110-2EF26605882F}.Debug|Any CPU.Build.0 = Debug|Any CPU
		{0AEDC8FA-63D1-478A-9110-2EF26605882F}.Release|Any CPU.ActiveCfg = Release|Any CPU
		{0AEDC8FA-63D1-478A-9110-2EF26605882F}.Release|Any CPU.Build.0 = Release|Any CPU
	EndGlobalSection
	GlobalSection(SolutionProperties) = preSolution
		HideSolutionNode = FALSE
	EndGlobalSection
	GlobalSection(ExtensibilityGlobals) = postSolution
		SolutionGuid = {A4B413E7-0379-4B47-8A52-6D015F2F7846}
	EndGlobalSection
EndGlobal
